
Microsoft Visual Studio Solution File, Format Version 12.00
# Visual Studio Version 16
VisualStudioVersion = 16.0.31729.503
MinimumVisualStudioVersion = 10.0.40219.1
Project("{FAE04EC0-301F-11D3-BF4B-00C04F79EFBC}") = "MySite", "MySite.csproj", "{516396D8-A8C5-4A7E-815B-5CBA4405FB68}"
EndProject
Global
	GlobalSection(SolutionConfigurationPlatforms) = preSolution
		Debug|Any CPU = Debug|Any CPU
		Release|Any CPU = Release|Any CPU
	EndGlobalSection
	GlobalSection(ProjectConfigurationPlatforms) = postSolution
		{516396D8-A8C5-4A7E-815B-5CBA4405FB68}.Debug|Any CPU.ActiveCfg = Debug|Any CPU
		{516396D8-A8C5-4A7E-815B-5CBA4405FB68}.Debug|Any CPU.Build.0 = Debug|Any CPU
		{516396D8-A8C5-4A7E-815B-5CBA4405FB68}.Release|Any CPU.ActiveCfg = Release|Any CPU
		{516396D8-A8C5-4A7E-815B-5CBA4405FB68}.Release|Any CPU.Build.0 = Release|Any CPU
	EndGlobalSection
	GlobalSection(SolutionProperties) = preSolution
		HideSolutionNode = FALSE
	EndGlobalSection
	GlobalSection(ExtensibilityGlobals) = postSolution
		SolutionGuid = {F2364DE1-E989-4A37-8F64-3D6FEDF026A3}
	EndGlobalSection
EndGlobal
